
Microsoft Visual Studio Solution File, Format Version 12.00
# Visual Studio Version 17
VisualStudioVersion = 17.9.34407.89
MinimumVisualStudioVersion = 10.0.40219.1
Project("{FAE04EC0-301F-11D3-BF4B-00C04F79EFBC}") = "LeetCode150", "LeetCode150\LeetCode150.csproj", "{81ABF284-DBAD-4C51-B0D5-FCDBB1D68C17}"
EndProject
Global
	GlobalSection(SolutionConfigurationPlatforms) = preSolution
		Debug|Any CPU = Debug|Any CPU
		Release|Any CPU = Release|Any CPU
	EndGlobalSection
	GlobalSection(ProjectConfigurationPlatforms) = postSolution
		{81ABF284-DBAD-4C51-B0D5-FCDBB1D68C17}.Debug|Any CPU.ActiveCfg = Debug|Any CPU
		{81ABF284-DBAD-4C51-B0D5-FCDBB1D68C17}.Debug|Any CPU.Build.0 = Debug|Any CPU
		{81ABF284-DBAD-4C51-B0D5-FCDBB1D68C17}.Release|Any CPU.ActiveCfg = Release|Any CPU
		{81ABF284-DBAD-4C51-B0D5-FCDBB1D68C17}.Release|Any CPU.Build.0 = Release|Any CPU
	EndGlobalSection
	GlobalSection(SolutionProperties) = preSolution
		HideSolutionNode = FALSE
	EndGlobalSection
	GlobalSection(ExtensibilityGlobals) = postSolution
		SolutionGuid = {47889127-1D8E-47AC-A60A-A9627109DCEA}
	EndGlobalSection
EndGlobal
